
Microsoft Visual Studio Solution File, Format Version 12.00
# Visual Studio 15
VisualStudioVersion = 15.0.27130.2027
MinimumVisualStudioVersion = 10.0.40219.1
Project("{FAE04EC0-301F-11D3-BF4B-00C04F79EFBC}") = "GTAVRewardHook", "GTAVRewardHook\GTAVRewardHook.csproj", "{12BBBCB8-9C00-43B7-AF40-1DB03C26762A}"
EndProject
Project("{2150E333-8FDC-42A3-9474-1A3956D46DE8}") = "Solution Items", "Solution Items", "{F682A503-FA90-4E70-A1C2-06BD34A0D744}"
	ProjectSection(SolutionItems) = preProject
		readme.md = readme.md
		todo.md = todo.md
	EndProjectSection
EndProject
Global
	GlobalSection(SolutionConfigurationPlatforms) = preSolution
		Debug|Any CPU = Debug|Any CPU
		Release|Any CPU = Release|Any CPU
	EndGlobalSection
	GlobalSection(ProjectConfigurationPlatforms) = postSolution
		{12BBBCB8-9C00-43B7-AF40-1DB03C26762A}.Debug|Any CPU.ActiveCfg = Debug|Any CPU
		{12BBBCB8-9C00-43B7-AF40-1DB03C26762A}.Debug|Any CPU.Build.0 = Debug|Any CPU
		{12BBBCB8-9C00-43B7-AF40-1DB03C26762A}.Release|Any CPU.ActiveCfg = Release|Any CPU
		{12BBBCB8-9C00-43B7-AF40-1DB03C26762A}.Release|Any CPU.Build.0 = Release|Any CPU
	EndGlobalSection
	GlobalSection(SolutionProperties) = preSolution
		HideSolutionNode = FALSE
	EndGlobalSection
	GlobalSection(ExtensibilityGlobals) = postSolution
		SolutionGuid = {9689CE79-6A2B-4BD4-9782-0C1E7AA3B11C}
	EndGlobalSection
EndGlobal
